// !$*UTF8*$!
{
	archiveVersion = 1;
	classes = {
	};
	objectVersion = 50;
	objects = {

/* Begin PBXBuildFile section */
		339491F926EC7DCB002E4562 /* IPhone.swift in Sources */ = {isa = PBXBuildFile; fileRef = 339491F826EC7DCB002E4562 /* IPhone.swift */; };
		339491FB26EC7DE3002E4562 /* IPad.swift in Sources */ = {isa = PBXBuildFile; fileRef = 339491FA26EC7DE3002E4562 /* IPad.swift */; };
		339491FD26EC7DF3002E4562 /* Mac.swift in Sources */ = {isa = PBXBuildFile; fileRef = 339491FC26EC7DF3002E4562 /* Mac.swift */; };
		F3A62F0626EC2CC3003669F3 /* AppDelegate.swift in Sources */ = {isa = PBXBuildFile; fileRef = F3A62F0526EC2CC3003669F3 /* AppDelegate.swift */; };
		F3A62F0826EC2CC3003669F3 /* SceneDelegate.swift in Sources */ = {isa = PBXBuildFile; fileRef = F3A62F0726EC2CC3003669F3 /* SceneDelegate.swift */; };
		F3A62F0A26EC2CC3003669F3 /* AppleProductsViewController.swift in Sources */ = {isa = PBXBuildFile; fileRef = F3A62F0926EC2CC3003669F3 /* AppleProductsViewController.swift */; };
		F3A62F0F26EC2CC4003669F3 /* Assets.xcassets in Resources */ = {isa = PBXBuildFile; fileRef = F3A62F0E26EC2CC4003669F3 /* Assets.xcassets */; };
		F3A62F1226EC2CC4003669F3 /* LaunchScreen.storyboard in Resources */ = {isa = PBXBuildFile; fileRef = F3A62F1026EC2CC4003669F3 /* LaunchScreen.storyboard */; };
		F3A62F1E26EC2D4C003669F3 /* ContentView.swift in Sources */ = {isa = PBXBuildFile; fileRef = F3A62F1D26EC2D4C003669F3 /* ContentView.swift */; };
		F3A62F2026EC4E05003669F3 /* AppleProducts.swift in Sources */ = {isa = PBXBuildFile; fileRef = F3A62F1F26EC4E05003669F3 /* AppleProducts.swift */; };
/* End PBXBuildFile section */

/* Begin PBXFileReference section */
		339491F826EC7DCB002E4562 /* IPhone.swift */ = {isa = PBXFileReference; lastKnownFileType = sourcecode.swift; path = IPhone.swift; sourceTree = "<group>"; };
		339491FA26EC7DE3002E4562 /* IPad.swift */ = {isa = PBXFileReference; lastKnownFileType = sourcecode.swift; path = IPad.swift; sourceTree = "<group>"; };
		339491FC26EC7DF3002E4562 /* Mac.swift */ = {isa = PBXFileReference; lastKnownFileType = sourcecode.swift; path = Mac.swift; sourceTree = "<group>"; };
		F3A62F0226EC2CC3003669F3 /* UITableView.app */ = {isa = PBXFileReference; explicitFileType = wrapper.application; includeInIndex = 0; path = UITableView.app; sourceTree = BUILT_PRODUCTS_DIR; };
		F3A62F0526EC2CC3003669F3 /* AppDelegate.swift */ = {isa = PBXFileReference; lastKnownFileType = sourcecode.swift; path = AppDelegate.swift; sourceTree = "<group>"; };
		F3A62F0726EC2CC3003669F3 /* SceneDelegate.swift */ = {isa = PBXFileReference; lastKnownFileType = sourcecode.swift; path = SceneDelegate.swift; sourceTree = "<group>"; };
		F3A62F0926EC2CC3003669F3 /* AppleProductsViewController.swift */ = {isa = PBXFileReference; lastKnownFileType = sourcecode.swift; path = AppleProductsViewController.swift; sourceTree = "<group>"; };
		F3A62F0E26EC2CC4003669F3 /* Assets.xcassets */ = {isa = PBXFileReference; lastKnownFileType = folder.assetcatalog; path = Assets.xcassets; sourceTree = "<group>"; };
		F3A62F1126EC2CC4003669F3 /* Base */ = {isa = PBXFileReference; lastKnownFileType = file.storyboard; name = Base; path = Base.lproj/LaunchScreen.storyboard; sourceTree = "<group>"; };
		F3A62F1326EC2CC4003669F3 /* Info.plist */ = {isa = PBXFileReference; lastKnownFileType = text.plist.xml; path = Info.plist; sourceTree = "<group>"; };
		F3A62F1D26EC2D4C003669F3 /* ContentView.swift */ = {isa = PBXFileReference; lastKnownFileType = sourcecode.swift; path = ContentView.swift; sourceTree = "<group>"; };
		F3A62F1F26EC4E05003669F3 /* AppleProducts.swift */ = {isa = PBXFileReference; lastKnownFileType = sourcecode.swift; path = AppleProducts.swift; sourceTree = "<group>"; };
/* End PBXFileReference section */

/* Begin PBXFrameworksBuildPhase section */
		F3A62EFF26EC2CC3003669F3 /* Frameworks */ = {
			isa = PBXFrameworksBuildPhase;
			buildActionMask = 2147483647;
			files = (
			);
			runOnlyForDeploymentPostprocessing = 0;
		};
/* End PBXFrameworksBuildPhase section */

/* Begin PBXGroup section */
		F3A62EF926EC2CC3003669F3 = {
			isa = PBXGroup;
			children = (
				F3A62F0426EC2CC3003669F3 /* UITableView */,
				F3A62F0326EC2CC3003669F3 /* Products */,
			);
			sourceTree = "<group>";
		};
		F3A62F0326EC2CC3003669F3 /* Products */ = {
			isa = PBXGroup;
			children = (
				F3A62F0226EC2CC3003669F3 /* UITableView.app */,
			);
			name = Products;
			sourceTree = "<group>";
		};
		F3A62F0426EC2CC3003669F3 /* UITableView */ = {
			isa = PBXGroup;
			children = (
				F3A62F1C26EC2CD4003669F3 /* Model */,
				F3A62F1B26EC2CD2003669F3 /* View */,
				F3A62F1A26EC2CCF003669F3 /* Controller */,
				F3A62F1926EC2CCA003669F3 /* Supporting Files */,
			);
			path = UITableView;
			sourceTree = "<group>";
		};
		F3A62F1926EC2CCA003669F3 /* Supporting Files */ = {
			isa = PBXGroup;
			children = (
				F3A62F0526EC2CC3003669F3 /* AppDelegate.swift */,
				F3A62F0726EC2CC3003669F3 /* SceneDelegate.swift */,
				F3A62F0E26EC2CC4003669F3 /* Assets.xcassets */,
				F3A62F1026EC2CC4003669F3 /* LaunchScreen.storyboard */,
				F3A62F1326EC2CC4003669F3 /* Info.plist */,
			);
			path = "Supporting Files";
			sourceTree = "<group>";
		};
		F3A62F1A26EC2CCF003669F3 /* Controller */ = {
			isa = PBXGroup;
			children = (
				F3A62F0926EC2CC3003669F3 /* AppleProductsViewController.swift */,
			);
			path = Controller;
			sourceTree = "<group>";
		};
		F3A62F1B26EC2CD2003669F3 /* View */ = {
			isa = PBXGroup;
			children = (
				F3A62F1D26EC2D4C003669F3 /* ContentView.swift */,
			);
			path = View;
			sourceTree = "<group>";
		};
		F3A62F1C26EC2CD4003669F3 /* Model */ = {
			isa = PBXGroup;
			children = (
				F3A62F1F26EC4E05003669F3 /* AppleProducts.swift */,
				339491FA26EC7DE3002E4562 /* IPad.swift */,
				339491F826EC7DCB002E4562 /* IPhone.swift */,
				339491FC26EC7DF3002E4562 /* Mac.swift */,
			);
			path = Model;
			sourceTree = "<group>";
		};
/* End PBXGroup section */

/* Begin PBXNativeTarget section */
		F3A62F0126EC2CC3003669F3 /* UITableView */ = {
			isa = PBXNativeTarget;
			buildConfigurationList = F3A62F1626EC2CC4003669F3 /* Build configuration list for PBXNativeTarget "UITableView" */;
			buildPhases = (
				F3A62EFE26EC2CC3003669F3 /* Sources */,
				F3A62EFF26EC2CC3003669F3 /* Frameworks */,
				F3A62F0026EC2CC3003669F3 /* Resources */,
			);
			buildRules = (
			);
			dependencies = (
			);
			name = UITableView;
			productName = UITableView;
			productReference = F3A62F0226EC2CC3003669F3 /* UITableView.app */;
			productType = "com.apple.product-type.application";
		};
/* End PBXNativeTarget section */

/* Begin PBXProject section */
		F3A62EFA26EC2CC3003669F3 /* Project object */ = {
			isa = PBXProject;
			attributes = {
				LastSwiftUpdateCheck = 1250;
				LastUpgradeCheck = 1250;
				TargetAttributes = {
					F3A62F0126EC2CC3003669F3 = {
						CreatedOnToolsVersion = 12.5.1;
					};
				};
			};
			buildConfigurationList = F3A62EFD26EC2CC3003669F3 /* Build configuration list for PBXProject "UITableView" */;
			compatibilityVersion = "Xcode 9.3";
			developmentRegion = en;
			hasScannedForEncodings = 0;
			knownRegions = (
				en,
				Base,
			);
			mainGroup = F3A62EF926EC2CC3003669F3;
			productRefGroup = F3A62F0326EC2CC3003669F3 /* Products */;
			projectDirPath = "";
			projectRoot = "";
			targets = (
				F3A62F0126EC2CC3003669F3 /* UITableView */,
			);
		};
/* End PBXProject section */

/* Begin PBXResourcesBuildPhase section */
		F3A62F0026EC2CC3003669F3 /* Resources */ = {
			isa = PBXResourcesBuildPhase;
			buildActionMask = 2147483647;
			files = (
				F3A62F1226EC2CC4003669F3 /* LaunchScreen.storyboard in Resources */,
				F3A62F0F26EC2CC4003669F3 /* Assets.xcassets in Resources */,
			);
			runOnlyForDeploymentPostprocessing = 0;
		};
/* End PBXResourcesBuildPhase section */

/* Begin PBXSourcesBuildPhase section */
		F3A62EFE26EC2CC3003669F3 /* Sources */ = {
			isa = PBXSourcesBuildPhase;
			buildActionMask = 2147483647;
			files = (
				F3A62F0A26EC2CC3003669F3 /* AppleProductsViewController.swift in Sources */,
				F3A62F0626EC2CC3003669F3 /* AppDelegate.swift in Sources */,
				339491FB26EC7DE3002E4562 /* IPad.swift in Sources */,
				339491F926EC7DCB002E4562 /* IPhone.swift in Sources */,
				339491FD26EC7DF3002E4562 /* Mac.swift in Sources */,
				F3A62F2026EC4E05003669F3 /* AppleProducts.swift in Sources */,
				F3A62F1E26EC2D4C003669F3 /* ContentView.swift in Sources */,
				F3A62F0826EC2CC3003669F3 /* SceneDelegate.swift in Sources */,
			);
			runOnlyForDeploymentPostprocessing = 0;
		};
/* End PBXSourcesBuildPhase section */

/* Begin PBXVariantGroup section */
		F3A62F1026EC2CC4003669F3 /* LaunchScreen.storyboard */ = {
			isa = PBXVariantGroup;
			children = (
				F3A62F1126EC2CC4003669F3 /* Base */,
			);
			name = LaunchScreen.storyboard;
			sourceTree = "<group>";
		};
/* End PBXVariantGroup section */

/* Begin XCBuildConfiguration section */
		F3A62F1426EC2CC4003669F3 /* Debug */ = {
			isa = XCBuildConfiguration;
			buildSettings = {
				ALWAYS_SEARCH_USER_PATHS = NO;
				CLANG_ANALYZER_NONNULL = YES;
				CLANG_ANALYZER_NUMBER_OBJECT_CONVERSION = YES_AGGRESSIVE;
				CLANG_CXX_LANGUAGE_STANDARD = "gnu++14";
				CLANG_CXX_LIBRARY = "libc++";
				CLANG_ENABLE_MODULES = YES;
				CLANG_ENABLE_OBJC_ARC = YES;
				CLANG_ENABLE_OBJC_WEAK = YES;
				CLANG_WARN_BLOCK_CAPTURE_AUTORELEASING = YES;
				CLANG_WARN_BOOL_CONVERSION = YES;
				CLANG_WARN_COMMA = YES;
				CLANG_WARN_CONSTANT_CONVERSION = YES;
				CLANG_WARN_DEPRECATED_OBJC_IMPLEMENTATIONS = YES;
				CLANG_WARN_DIRECT_OBJC_ISA_USAGE = YES_ERROR;
				CLANG_WARN_DOCUMENTATION_COMMENTS = YES;
				CLANG_WARN_EMPTY_BODY = YES;
				CLANG_WARN_ENUM_CONVERSION = YES;
				CLANG_WARN_INFINITE_RECURSION = YES;
				CLANG_WARN_INT_CONVERSION = YES;
				CLANG_WARN_NON_LITERAL_NULL_CONVERSION = YES;
				CLANG_WARN_OBJC_IMPLICIT_RETAIN_SELF = YES;
				CLANG_WARN_OBJC_LITERAL_CONVERSION = YES;
				CLANG_WARN_OBJC_ROOT_CLASS = YES_ERROR;
				CLANG_WARN_QUOTED_INCLUDE_IN_FRAMEWORK_HEADER = YES;
				CLANG_WARN_RANGE_LOOP_ANALYSIS = YES;
				CLANG_WARN_STRICT_PROTOTYPES = YES;
				CLANG_WARN_SUSPICIOUS_MOVE = YES;
				CLANG_WARN_UNGUARDED_AVAILABILITY = YES_AGGRESSIVE;
				CLANG_WARN_UNREACHABLE_CODE = YES;
				CLANG_WARN__DUPLICATE_METHOD_MATCH = YES;
				COPY_PHASE_STRIP = NO;
				DEBUG_INFORMATION_FORMAT = dwarf;
				ENABLE_STRICT_OBJC_MSGSEND = YES;
				ENABLE_TESTABILITY = YES;
				GCC_C_LANGUAGE_STANDARD = gnu11;
				GCC_DYNAMIC_NO_PIC = NO;
				GCC_NO_COMMON_BLOCKS = YES;
				GCC_OPTIMIZATION_LEVEL = 0;
				GCC_PREPROCESSOR_DEFINITIONS = (
					"DEBUG=1",
					"$(inherited)",
				);
				GCC_WARN_64_TO_32_BIT_CONVERSION = YES;
				GCC_WARN_ABOUT_RETURN_TYPE = YES_ERROR;
				GCC_WARN_UNDECLARED_SELECTOR = YES;
				GCC_WARN_UNINITIALIZED_AUTOS = YES_AGGRESSIVE;
				GCC_WARN_UNUSED_FUNCTION = YES;
				GCC_WARN_UNUSED_VARIABLE = YES;
				IPHONEOS_DEPLOYMENT_TARGET = 14.5;
				MTL_ENABLE_DEBUG_INFO = INCLUDE_SOURCE;
				MTL_FAST_MATH = YES;
				ONLY_ACTIVE_ARCH = YES;
				SDKROOT = iphoneos;
				SWIFT_ACTIVE_COMPILATION_CONDITIONS = DEBUG;
				SWIFT_OPTIMIZATION_LEVEL = "-Onone";
			};
			name = Debug;
		};
		F3A62F1526EC2CC4003669F3 /* Release */ = {
			isa = XCBuildConfiguration;
			buildSettings = {
				ALWAYS_SEARCH_USER_PATHS = NO;
				CLANG_ANALYZER_NONNULL = YES;
				CLANG_ANALYZER_NUMBER_OBJECT_CONVERSION = YES_AGGRESSIVE;
				CLANG_CXX_LANGUAGE_STANDARD = "gnu++14";
				CLANG_CXX_LIBRARY = "libc++";
				CLANG_ENABLE_MODULES = YES;
				CLANG_ENABLE_OBJC_ARC = YES;
				CLANG_ENABLE_OBJC_WEAK = YES;
				CLANG_WARN_BLOCK_CAPTURE_AUTORELEASING = YES;
				CLANG_WARN_BOOL_CONVERSION = YES;
				CLANG_WARN_COMMA = YES;
				CLANG_WARN_CONSTANT_CONVERSION = YES;
				CLANG_WARN_DEPRECATED_OBJC_IMPLEMENTATIONS = YES;
				CLANG_WARN_DIRECT_OBJC_ISA_USAGE = YES_ERROR;
				CLANG_WARN_DOCUMENTATION_COMMENTS = YES;
				CLANG_WARN_EMPTY_BODY = YES;
				CLANG_WARN_ENUM_CONVERSION = YES;
				CLANG_WARN_INFINITE_RECURSION = YES;
				CLANG_WARN_INT_CONVERSION = YES;
				CLANG_WARN_NON_LITERAL_NULL_CONVERSION = YES;
				CLANG_WARN_OBJC_IMPLICIT_RETAIN_SELF = YES;
				CLANG_WARN_OBJC_LITERAL_CONVERSION = YES;
				CLANG_WARN_OBJC_ROOT_CLASS = YES_ERROR;
				CLANG_WARN_QUOTED_INCLUDE_IN_FRAMEWORK_HEADER = YES;
				CLANG_WARN_RANGE_LOOP_ANALYSIS = YES;
				CLANG_WARN_STRICT_PROTOTYPES = YES;
				CLANG_WARN_SUSPICIOUS_MOVE = YES;
				CLANG_WARN_UNGUARDED_AVAILABILITY = YES_AGGRESSIVE;
				CLANG_WARN_UNREACHABLE_CODE = YES;
				CLANG_WARN__DUPLICATE_METHOD_MATCH = YES;
				COPY_PHASE_STRIP = NO;
				DEBUG_INFORMATION_FORMAT = "dwarf-with-dsym";
				ENABLE_NS_ASSERTIONS = NO;
				ENABLE_STRICT_OBJC_MSGSEND = YES;
				GCC_C_LANGUAGE_STANDARD = gnu11;
				GCC_NO_COMMON_BLOCKS = YES;
				GCC_WARN_64_TO_32_BIT_CONVERSION = YES;
				GCC_WARN_ABOUT_RETURN_TYPE = YES_ERROR;
				GCC_WARN_UNDECLARED_SELECTOR = YES;
				GCC_WARN_UNINITIALIZED_AUTOS = YES_AGGRESSIVE;
				GCC_WARN_UNUSED_FUNCTION = YES;
				GCC_WARN_UNUSED_VARIABLE = YES;
				IPHONEOS_DEPLOYMENT_TARGET = 14.5;
				MTL_ENABLE_DEBUG_INFO = NO;
				MTL_FAST_MATH = YES;
				SDKROOT = iphoneos;
				SWIFT_COMPILATION_MODE = wholemodule;
				SWIFT_OPTIMIZATION_LEVEL = "-O";
				VALIDATE_PRODUCT = YES;
			};
			name = Release;
		};
		F3A62F1726EC2CC4003669F3 /* Debug */ = {
			isa = XCBuildConfiguration;
			buildSettings = {
				ASSETCATALOG_COMPILER_APPICON_NAME = AppIcon;
				ASSETCATALOG_COMPILER_GLOBAL_ACCENT_COLOR_NAME = AccentColor;
				CODE_SIGN_STYLE = Automatic;
				DEVELOPMENT_TEAM = 2Z6936CNJ5;
				INFOPLIST_FILE = "UITableView/Supporting Files/Info.plist";
				LD_RUNPATH_SEARCH_PATHS = (
					"$(inherited)",
					"@executable_path/Frameworks",
				);
				PRODUCT_BUNDLE_IDENTIFIER = com.hankoacademy.UITableView;
				PRODUCT_NAME = "$(TARGET_NAME)";
				SWIFT_VERSION = 5.0;
				TARGETED_DEVICE_FAMILY = "1,2";
			};
			name = Debug;
		};
		F3A62F1826EC2CC4003669F3 /* Release */ = {
			isa = XCBuildConfiguration;
			buildSettings = {
				ASSETCATALOG_COMPILER_APPICON_NAME = AppIcon;
				ASSETCATALOG_COMPILER_GLOBAL_ACCENT_COLOR_NAME = AccentColor;
				CODE_SIGN_STYLE = Automatic;
				DEVELOPMENT_TEAM = 2Z6936CNJ5;
				INFOPLIST_FILE = "UITableView/Supporting Files/Info.plist";
				LD_RUNPATH_SEARCH_PATHS = (
					"$(inherited)",
					"@executable_path/Frameworks",
				);
				PRODUCT_BUNDLE_IDENTIFIER = com.hankoacademy.UITableView;
				PRODUCT_NAME = "$(TARGET_NAME)";
				SWIFT_VERSION = 5.0;
				TARGETED_DEVICE_FAMILY = "1,2";
			};
			name = Release;
		};
/* End XCBuildConfiguration section */

/* Begin XCConfigurationList section */
		F3A62EFD26EC2CC3003669F3 /* Build configuration list for PBXProject "UITableView" */ = {
			isa = XCConfigurationList;
			buildConfigurations = (
				F3A62F1426EC2CC4003669F3 /* Debug */,
				F3A62F1526EC2CC4003669F3 /* Release */,
			);
			defaultConfigurationIsVisible = 0;
			defaultConfigurationName = Release;
		};
		F3A62F1626EC2CC4003669F3 /* Build configuration list for PBXNativeTarget "UITableView" */ = {
			isa = XCConfigurationList;
			buildConfigurations = (
				F3A62F1726EC2CC4003669F3 /* Debug */,
				F3A62F1826EC2CC4003669F3 /* Release */,
			);
			defaultConfigurationIsVisible = 0;
			defaultConfigurationName = Release;
		};
/* End XCConfigurationList section */
	};
	rootObject = F3A62EFA26EC2CC3003669F3 /* Project object */;
}
