// !$*UTF8*$!
{
	archiveVersion = 1;
	classes = {
	};
	objectVersion = 50;
	objects = {

/* Begin PBXBuildFile section */
		F39F00D926ED9DF700772C04 /* AppDelegate.swift in Sources */ = {isa = PBXBuildFile; fileRef = F39F00D826ED9DF700772C04 /* AppDelegate.swift */; };
		F39F00DB26ED9DF700772C04 /* SceneDelegate.swift in Sources */ = {isa = PBXBuildFile; fileRef = F39F00DA26ED9DF700772C04 /* SceneDelegate.swift */; };
		F39F00DD26ED9DF700772C04 /* HomeViewController.swift in Sources */ = {isa = PBXBuildFile; fileRef = F39F00DC26ED9DF700772C04 /* HomeViewController.swift */; };
		F39F00E226ED9DF900772C04 /* Assets.xcassets in Resources */ = {isa = PBXBuildFile; fileRef = F39F00E126ED9DF900772C04 /* Assets.xcassets */; };
		F39F00E526ED9DF900772C04 /* LaunchScreen.storyboard in Resources */ = {isa = PBXBuildFile; fileRef = F39F00E326ED9DF900772C04 /* LaunchScreen.storyboard */; };
		F39F00F126EDA87000772C04 /* HomeView.swift in Sources */ = {isa = PBXBuildFile; fileRef = F39F00F026EDA87000772C04 /* HomeView.swift */; };
		F39F00F326EDB19500772C04 /* OrderFoodView.swift in Sources */ = {isa = PBXBuildFile; fileRef = F39F00F226EDB19500772C04 /* OrderFoodView.swift */; };
		F39F00F526EDBE0600772C04 /* OrderFoodViewController.swift in Sources */ = {isa = PBXBuildFile; fileRef = F39F00F426EDBE0600772C04 /* OrderFoodViewController.swift */; };
/* End PBXBuildFile section */

/* Begin PBXFileReference section */
		F39F00D526ED9DF700772C04 /* Delegation.app */ = {isa = PBXFileReference; explicitFileType = wrapper.application; includeInIndex = 0; path = Delegation.app; sourceTree = BUILT_PRODUCTS_DIR; };
		F39F00D826ED9DF700772C04 /* AppDelegate.swift */ = {isa = PBXFileReference; lastKnownFileType = sourcecode.swift; path = AppDelegate.swift; sourceTree = "<group>"; };
		F39F00DA26ED9DF700772C04 /* SceneDelegate.swift */ = {isa = PBXFileReference; lastKnownFileType = sourcecode.swift; path = SceneDelegate.swift; sourceTree = "<group>"; };
		F39F00DC26ED9DF700772C04 /* HomeViewController.swift */ = {isa = PBXFileReference; lastKnownFileType = sourcecode.swift; path = HomeViewController.swift; sourceTree = "<group>"; };
		F39F00E126ED9DF900772C04 /* Assets.xcassets */ = {isa = PBXFileReference; lastKnownFileType = folder.assetcatalog; path = Assets.xcassets; sourceTree = "<group>"; };
		F39F00E426ED9DF900772C04 /* Base */ = {isa = PBXFileReference; lastKnownFileType = file.storyboard; name = Base; path = Base.lproj/LaunchScreen.storyboard; sourceTree = "<group>"; };
		F39F00E626ED9DF900772C04 /* Info.plist */ = {isa = PBXFileReference; lastKnownFileType = text.plist.xml; path = Info.plist; sourceTree = "<group>"; };
		F39F00F026EDA87000772C04 /* HomeView.swift */ = {isa = PBXFileReference; lastKnownFileType = sourcecode.swift; path = HomeView.swift; sourceTree = "<group>"; };
		F39F00F226EDB19500772C04 /* OrderFoodView.swift */ = {isa = PBXFileReference; lastKnownFileType = sourcecode.swift; path = OrderFoodView.swift; sourceTree = "<group>"; };
		F39F00F426EDBE0600772C04 /* OrderFoodViewController.swift */ = {isa = PBXFileReference; lastKnownFileType = sourcecode.swift; path = OrderFoodViewController.swift; sourceTree = "<group>"; };
/* End PBXFileReference section */

/* Begin PBXFrameworksBuildPhase section */
		F39F00D226ED9DF700772C04 /* Frameworks */ = {
			isa = PBXFrameworksBuildPhase;
			buildActionMask = 2147483647;
			files = (
			);
			runOnlyForDeploymentPostprocessing = 0;
		};
/* End PBXFrameworksBuildPhase section */

/* Begin PBXGroup section */
		F39F00CC26ED9DF700772C04 = {
			isa = PBXGroup;
			children = (
				F39F00D726ED9DF700772C04 /* Delegation */,
				F39F00D626ED9DF700772C04 /* Products */,
			);
			sourceTree = "<group>";
		};
		F39F00D626ED9DF700772C04 /* Products */ = {
			isa = PBXGroup;
			children = (
				F39F00D526ED9DF700772C04 /* Delegation.app */,
			);
			name = Products;
			sourceTree = "<group>";
		};
		F39F00D726ED9DF700772C04 /* Delegation */ = {
			isa = PBXGroup;
			children = (
				F39F00EF26EDA1DA00772C04 /* Model */,
				F39F00EE26EDA1D900772C04 /* View */,
				F39F00ED26EDA1D600772C04 /* Controller */,
				F39F00EC26EDA16E00772C04 /* Supporting Files */,
			);
			path = Delegation;
			sourceTree = "<group>";
		};
		F39F00EC26EDA16E00772C04 /* Supporting Files */ = {
			isa = PBXGroup;
			children = (
				F39F00E326ED9DF900772C04 /* LaunchScreen.storyboard */,
				F39F00E626ED9DF900772C04 /* Info.plist */,
				F39F00D826ED9DF700772C04 /* AppDelegate.swift */,
				F39F00DA26ED9DF700772C04 /* SceneDelegate.swift */,
				F39F00E126ED9DF900772C04 /* Assets.xcassets */,
			);
			path = "Supporting Files";
			sourceTree = "<group>";
		};
		F39F00ED26EDA1D600772C04 /* Controller */ = {
			isa = PBXGroup;
			children = (
				F39F00DC26ED9DF700772C04 /* HomeViewController.swift */,
				F39F00F426EDBE0600772C04 /* OrderFoodViewController.swift */,
			);
			path = Controller;
			sourceTree = "<group>";
		};
		F39F00EE26EDA1D900772C04 /* View */ = {
			isa = PBXGroup;
			children = (
				F39F00F026EDA87000772C04 /* HomeView.swift */,
				F39F00F226EDB19500772C04 /* OrderFoodView.swift */,
			);
			path = View;
			sourceTree = "<group>";
		};
		F39F00EF26EDA1DA00772C04 /* Model */ = {
			isa = PBXGroup;
			children = (
			);
			path = Model;
			sourceTree = "<group>";
		};
/* End PBXGroup section */

/* Begin PBXNativeTarget section */
		F39F00D426ED9DF700772C04 /* Delegation */ = {
			isa = PBXNativeTarget;
			buildConfigurationList = F39F00E926ED9DF900772C04 /* Build configuration list for PBXNativeTarget "Delegation" */;
			buildPhases = (
				F39F00D126ED9DF700772C04 /* Sources */,
				F39F00D226ED9DF700772C04 /* Frameworks */,
				F39F00D326ED9DF700772C04 /* Resources */,
			);
			buildRules = (
			);
			dependencies = (
			);
			name = Delegation;
			productName = Delegation;
			productReference = F39F00D526ED9DF700772C04 /* Delegation.app */;
			productType = "com.apple.product-type.application";
		};
/* End PBXNativeTarget section */

/* Begin PBXProject section */
		F39F00CD26ED9DF700772C04 /* Project object */ = {
			isa = PBXProject;
			attributes = {
				LastSwiftUpdateCheck = 1250;
				LastUpgradeCheck = 1250;
				TargetAttributes = {
					F39F00D426ED9DF700772C04 = {
						CreatedOnToolsVersion = 12.5.1;
					};
				};
			};
			buildConfigurationList = F39F00D026ED9DF700772C04 /* Build configuration list for PBXProject "Delegation" */;
			compatibilityVersion = "Xcode 9.3";
			developmentRegion = en;
			hasScannedForEncodings = 0;
			knownRegions = (
				en,
				Base,
			);
			mainGroup = F39F00CC26ED9DF700772C04;
			productRefGroup = F39F00D626ED9DF700772C04 /* Products */;
			projectDirPath = "";
			projectRoot = "";
			targets = (
				F39F00D426ED9DF700772C04 /* Delegation */,
			);
		};
/* End PBXProject section */

/* Begin PBXResourcesBuildPhase section */
		F39F00D326ED9DF700772C04 /* Resources */ = {
			isa = PBXResourcesBuildPhase;
			buildActionMask = 2147483647;
			files = (
				F39F00E526ED9DF900772C04 /* LaunchScreen.storyboard in Resources */,
				F39F00E226ED9DF900772C04 /* Assets.xcassets in Resources */,
			);
			runOnlyForDeploymentPostprocessing = 0;
		};
/* End PBXResourcesBuildPhase section */

/* Begin PBXSourcesBuildPhase section */
		F39F00D126ED9DF700772C04 /* Sources */ = {
			isa = PBXSourcesBuildPhase;
			buildActionMask = 2147483647;
			files = (
				F39F00DD26ED9DF700772C04 /* HomeViewController.swift in Sources */,
				F39F00F326EDB19500772C04 /* OrderFoodView.swift in Sources */,
				F39F00D926ED9DF700772C04 /* AppDelegate.swift in Sources */,
				F39F00F526EDBE0600772C04 /* OrderFoodViewController.swift in Sources */,
				F39F00F126EDA87000772C04 /* HomeView.swift in Sources */,
				F39F00DB26ED9DF700772C04 /* SceneDelegate.swift in Sources */,
			);
			runOnlyForDeploymentPostprocessing = 0;
		};
/* End PBXSourcesBuildPhase section */

/* Begin PBXVariantGroup section */
		F39F00E326ED9DF900772C04 /* LaunchScreen.storyboard */ = {
			isa = PBXVariantGroup;
			children = (
				F39F00E426ED9DF900772C04 /* Base */,
			);
			name = LaunchScreen.storyboard;
			sourceTree = "<group>";
		};
/* End PBXVariantGroup section */

/* Begin XCBuildConfiguration section */
		F39F00E726ED9DF900772C04 /* Debug */ = {
			isa = XCBuildConfiguration;
			buildSettings = {
				ALWAYS_SEARCH_USER_PATHS = NO;
				CLANG_ANALYZER_NONNULL = YES;
				CLANG_ANALYZER_NUMBER_OBJECT_CONVERSION = YES_AGGRESSIVE;
				CLANG_CXX_LANGUAGE_STANDARD = "gnu++14";
				CLANG_CXX_LIBRARY = "libc++";
				CLANG_ENABLE_MODULES = YES;
				CLANG_ENABLE_OBJC_ARC = YES;
				CLANG_ENABLE_OBJC_WEAK = YES;
				CLANG_WARN_BLOCK_CAPTURE_AUTORELEASING = YES;
				CLANG_WARN_BOOL_CONVERSION = YES;
				CLANG_WARN_COMMA = YES;
				CLANG_WARN_CONSTANT_CONVERSION = YES;
				CLANG_WARN_DEPRECATED_OBJC_IMPLEMENTATIONS = YES;
				CLANG_WARN_DIRECT_OBJC_ISA_USAGE = YES_ERROR;
				CLANG_WARN_DOCUMENTATION_COMMENTS = YES;
				CLANG_WARN_EMPTY_BODY = YES;
				CLANG_WARN_ENUM_CONVERSION = YES;
				CLANG_WARN_INFINITE_RECURSION = YES;
				CLANG_WARN_INT_CONVERSION = YES;
				CLANG_WARN_NON_LITERAL_NULL_CONVERSION = YES;
				CLANG_WARN_OBJC_IMPLICIT_RETAIN_SELF = YES;
				CLANG_WARN_OBJC_LITERAL_CONVERSION = YES;
				CLANG_WARN_OBJC_ROOT_CLASS = YES_ERROR;
				CLANG_WARN_QUOTED_INCLUDE_IN_FRAMEWORK_HEADER = YES;
				CLANG_WARN_RANGE_LOOP_ANALYSIS = YES;
				CLANG_WARN_STRICT_PROTOTYPES = YES;
				CLANG_WARN_SUSPICIOUS_MOVE = YES;
				CLANG_WARN_UNGUARDED_AVAILABILITY = YES_AGGRESSIVE;
				CLANG_WARN_UNREACHABLE_CODE = YES;
				CLANG_WARN__DUPLICATE_METHOD_MATCH = YES;
				COPY_PHASE_STRIP = NO;
				DEBUG_INFORMATION_FORMAT = dwarf;
				ENABLE_STRICT_OBJC_MSGSEND = YES;
				ENABLE_TESTABILITY = YES;
				GCC_C_LANGUAGE_STANDARD = gnu11;
				GCC_DYNAMIC_NO_PIC = NO;
				GCC_NO_COMMON_BLOCKS = YES;
				GCC_OPTIMIZATION_LEVEL = 0;
				GCC_PREPROCESSOR_DEFINITIONS = (
					"DEBUG=1",
					"$(inherited)",
				);
				GCC_WARN_64_TO_32_BIT_CONVERSION = YES;
				GCC_WARN_ABOUT_RETURN_TYPE = YES_ERROR;
				GCC_WARN_UNDECLARED_SELECTOR = YES;
				GCC_WARN_UNINITIALIZED_AUTOS = YES_AGGRESSIVE;
				GCC_WARN_UNUSED_FUNCTION = YES;
				GCC_WARN_UNUSED_VARIABLE = YES;
				IPHONEOS_DEPLOYMENT_TARGET = 14.5;
				MTL_ENABLE_DEBUG_INFO = INCLUDE_SOURCE;
				MTL_FAST_MATH = YES;
				ONLY_ACTIVE_ARCH = YES;
				SDKROOT = iphoneos;
				SWIFT_ACTIVE_COMPILATION_CONDITIONS = DEBUG;
				SWIFT_OPTIMIZATION_LEVEL = "-Onone";
			};
			name = Debug;
		};
		F39F00E826ED9DF900772C04 /* Release */ = {
			isa = XCBuildConfiguration;
			buildSettings = {
				ALWAYS_SEARCH_USER_PATHS = NO;
				CLANG_ANALYZER_NONNULL = YES;
				CLANG_ANALYZER_NUMBER_OBJECT_CONVERSION = YES_AGGRESSIVE;
				CLANG_CXX_LANGUAGE_STANDARD = "gnu++14";
				CLANG_CXX_LIBRARY = "libc++";
				CLANG_ENABLE_MODULES = YES;
				CLANG_ENABLE_OBJC_ARC = YES;
				CLANG_ENABLE_OBJC_WEAK = YES;
				CLANG_WARN_BLOCK_CAPTURE_AUTORELEASING = YES;
				CLANG_WARN_BOOL_CONVERSION = YES;
				CLANG_WARN_COMMA = YES;
				CLANG_WARN_CONSTANT_CONVERSION = YES;
				CLANG_WARN_DEPRECATED_OBJC_IMPLEMENTATIONS = YES;
				CLANG_WARN_DIRECT_OBJC_ISA_USAGE = YES_ERROR;
				CLANG_WARN_DOCUMENTATION_COMMENTS = YES;
				CLANG_WARN_EMPTY_BODY = YES;
				CLANG_WARN_ENUM_CONVERSION = YES;
				CLANG_WARN_INFINITE_RECURSION = YES;
				CLANG_WARN_INT_CONVERSION = YES;
				CLANG_WARN_NON_LITERAL_NULL_CONVERSION = YES;
				CLANG_WARN_OBJC_IMPLICIT_RETAIN_SELF = YES;
				CLANG_WARN_OBJC_LITERAL_CONVERSION = YES;
				CLANG_WARN_OBJC_ROOT_CLASS = YES_ERROR;
				CLANG_WARN_QUOTED_INCLUDE_IN_FRAMEWORK_HEADER = YES;
				CLANG_WARN_RANGE_LOOP_ANALYSIS = YES;
				CLANG_WARN_STRICT_PROTOTYPES = YES;
				CLANG_WARN_SUSPICIOUS_MOVE = YES;
				CLANG_WARN_UNGUARDED_AVAILABILITY = YES_AGGRESSIVE;
				CLANG_WARN_UNREACHABLE_CODE = YES;
				CLANG_WARN__DUPLICATE_METHOD_MATCH = YES;
				COPY_PHASE_STRIP = NO;
				DEBUG_INFORMATION_FORMAT = "dwarf-with-dsym";
				ENABLE_NS_ASSERTIONS = NO;
				ENABLE_STRICT_OBJC_MSGSEND = YES;
				GCC_C_LANGUAGE_STANDARD = gnu11;
				GCC_NO_COMMON_BLOCKS = YES;
				GCC_WARN_64_TO_32_BIT_CONVERSION = YES;
				GCC_WARN_ABOUT_RETURN_TYPE = YES_ERROR;
				GCC_WARN_UNDECLARED_SELECTOR = YES;
				GCC_WARN_UNINITIALIZED_AUTOS = YES_AGGRESSIVE;
				GCC_WARN_UNUSED_FUNCTION = YES;
				GCC_WARN_UNUSED_VARIABLE = YES;
				IPHONEOS_DEPLOYMENT_TARGET = 14.5;
				MTL_ENABLE_DEBUG_INFO = NO;
				MTL_FAST_MATH = YES;
				SDKROOT = iphoneos;
				SWIFT_COMPILATION_MODE = wholemodule;
				SWIFT_OPTIMIZATION_LEVEL = "-O";
				VALIDATE_PRODUCT = YES;
			};
			name = Release;
		};
		F39F00EA26ED9DF900772C04 /* Debug */ = {
			isa = XCBuildConfiguration;
			buildSettings = {
				ASSETCATALOG_COMPILER_APPICON_NAME = AppIcon;
				ASSETCATALOG_COMPILER_GLOBAL_ACCENT_COLOR_NAME = AccentColor;
				CODE_SIGN_STYLE = Automatic;
				DEVELOPMENT_TEAM = 2Z6936CNJ5;
				INFOPLIST_FILE = "Delegation/Supporting Files/Info.plist";
				LD_RUNPATH_SEARCH_PATHS = (
					"$(inherited)",
					"@executable_path/Frameworks",
				);
				PRODUCT_BUNDLE_IDENTIFIER = com.hankoacademy.Delegation;
				PRODUCT_NAME = "$(TARGET_NAME)";
				SWIFT_VERSION = 5.0;
				TARGETED_DEVICE_FAMILY = "1,2";
			};
			name = Debug;
		};
		F39F00EB26ED9DF900772C04 /* Release */ = {
			isa = XCBuildConfiguration;
			buildSettings = {
				ASSETCATALOG_COMPILER_APPICON_NAME = AppIcon;
				ASSETCATALOG_COMPILER_GLOBAL_ACCENT_COLOR_NAME = AccentColor;
				CODE_SIGN_STYLE = Automatic;
				DEVELOPMENT_TEAM = 2Z6936CNJ5;
				INFOPLIST_FILE = "Delegation/Supporting Files/Info.plist";
				LD_RUNPATH_SEARCH_PATHS = (
					"$(inherited)",
					"@executable_path/Frameworks",
				);
				PRODUCT_BUNDLE_IDENTIFIER = com.hankoacademy.Delegation;
				PRODUCT_NAME = "$(TARGET_NAME)";
				SWIFT_VERSION = 5.0;
				TARGETED_DEVICE_FAMILY = "1,2";
			};
			name = Release;
		};
/* End XCBuildConfiguration section */

/* Begin XCConfigurationList section */
		F39F00D026ED9DF700772C04 /* Build configuration list for PBXProject "Delegation" */ = {
			isa = XCConfigurationList;
			buildConfigurations = (
				F39F00E726ED9DF900772C04 /* Debug */,
				F39F00E826ED9DF900772C04 /* Release */,
			);
			defaultConfigurationIsVisible = 0;
			defaultConfigurationName = Release;
		};
		F39F00E926ED9DF900772C04 /* Build configuration list for PBXNativeTarget "Delegation" */ = {
			isa = XCConfigurationList;
			buildConfigurations = (
				F39F00EA26ED9DF900772C04 /* Debug */,
				F39F00EB26ED9DF900772C04 /* Release */,
			);
			defaultConfigurationIsVisible = 0;
			defaultConfigurationName = Release;
		};
/* End XCConfigurationList section */
	};
	rootObject = F39F00CD26ED9DF700772C04 /* Project object */;
}
