// !$*UTF8*$!
{
	archiveVersion = 1;
	classes = {
	};
	objectVersion = 55;
	objects = {

/* Begin PBXBuildFile section */
		F37596282700298200B052DB /* AppDelegate.swift in Sources */ = {isa = PBXBuildFile; fileRef = F37596272700298200B052DB /* AppDelegate.swift */; };
		F375962A2700298200B052DB /* SceneDelegate.swift in Sources */ = {isa = PBXBuildFile; fileRef = F37596292700298200B052DB /* SceneDelegate.swift */; };
		F375962C2700298200B052DB /* AppleProductsViewController.swift in Sources */ = {isa = PBXBuildFile; fileRef = F375962B2700298200B052DB /* AppleProductsViewController.swift */; };
		F37596312700298400B052DB /* Assets.xcassets in Resources */ = {isa = PBXBuildFile; fileRef = F37596302700298400B052DB /* Assets.xcassets */; };
		F37596342700298400B052DB /* LaunchScreen.storyboard in Resources */ = {isa = PBXBuildFile; fileRef = F37596322700298400B052DB /* LaunchScreen.storyboard */; };
		F375964327002B6800B052DB /* AppleProducts.swift in Sources */ = {isa = PBXBuildFile; fileRef = F375963F27002B6800B052DB /* AppleProducts.swift */; };
		F375964427002B6800B052DB /* Mac.swift in Sources */ = {isa = PBXBuildFile; fileRef = F375964027002B6800B052DB /* Mac.swift */; };
		F375964527002B6800B052DB /* IPad.swift in Sources */ = {isa = PBXBuildFile; fileRef = F375964127002B6800B052DB /* IPad.swift */; };
		F375964627002B6800B052DB /* IPhone.swift in Sources */ = {isa = PBXBuildFile; fileRef = F375964227002B6800B052DB /* IPhone.swift */; };
		F375964827002B9700B052DB /* ContentView.swift in Sources */ = {isa = PBXBuildFile; fileRef = F375964727002B9700B052DB /* ContentView.swift */; };
		F375964A2700386D00B052DB /* ProductDetailCollectionViewCell.swift in Sources */ = {isa = PBXBuildFile; fileRef = F37596492700386D00B052DB /* ProductDetailCollectionViewCell.swift */; };
		F375964C2700DCB400B052DB /* HeaderCollectionReusableView.swift in Sources */ = {isa = PBXBuildFile; fileRef = F375964B2700DCB400B052DB /* HeaderCollectionReusableView.swift */; };
/* End PBXBuildFile section */

/* Begin PBXFileReference section */
		F37596242700298200B052DB /* UICollectionView.app */ = {isa = PBXFileReference; explicitFileType = wrapper.application; includeInIndex = 0; path = UICollectionView.app; sourceTree = BUILT_PRODUCTS_DIR; };
		F37596272700298200B052DB /* AppDelegate.swift */ = {isa = PBXFileReference; lastKnownFileType = sourcecode.swift; path = AppDelegate.swift; sourceTree = "<group>"; };
		F37596292700298200B052DB /* SceneDelegate.swift */ = {isa = PBXFileReference; lastKnownFileType = sourcecode.swift; path = SceneDelegate.swift; sourceTree = "<group>"; };
		F375962B2700298200B052DB /* AppleProductsViewController.swift */ = {isa = PBXFileReference; lastKnownFileType = sourcecode.swift; path = AppleProductsViewController.swift; sourceTree = "<group>"; };
		F37596302700298400B052DB /* Assets.xcassets */ = {isa = PBXFileReference; lastKnownFileType = folder.assetcatalog; path = Assets.xcassets; sourceTree = "<group>"; };
		F37596332700298400B052DB /* Base */ = {isa = PBXFileReference; lastKnownFileType = file.storyboard; name = Base; path = Base.lproj/LaunchScreen.storyboard; sourceTree = "<group>"; };
		F37596352700298400B052DB /* Info.plist */ = {isa = PBXFileReference; lastKnownFileType = text.plist.xml; path = Info.plist; sourceTree = "<group>"; };
		F375963F27002B6800B052DB /* AppleProducts.swift */ = {isa = PBXFileReference; fileEncoding = 4; lastKnownFileType = sourcecode.swift; path = AppleProducts.swift; sourceTree = "<group>"; };
		F375964027002B6800B052DB /* Mac.swift */ = {isa = PBXFileReference; fileEncoding = 4; lastKnownFileType = sourcecode.swift; path = Mac.swift; sourceTree = "<group>"; };
		F375964127002B6800B052DB /* IPad.swift */ = {isa = PBXFileReference; fileEncoding = 4; lastKnownFileType = sourcecode.swift; path = IPad.swift; sourceTree = "<group>"; };
		F375964227002B6800B052DB /* IPhone.swift */ = {isa = PBXFileReference; fileEncoding = 4; lastKnownFileType = sourcecode.swift; path = IPhone.swift; sourceTree = "<group>"; };
		F375964727002B9700B052DB /* ContentView.swift */ = {isa = PBXFileReference; lastKnownFileType = sourcecode.swift; path = ContentView.swift; sourceTree = "<group>"; };
		F37596492700386D00B052DB /* ProductDetailCollectionViewCell.swift */ = {isa = PBXFileReference; lastKnownFileType = sourcecode.swift; path = ProductDetailCollectionViewCell.swift; sourceTree = "<group>"; };
		F375964B2700DCB400B052DB /* HeaderCollectionReusableView.swift */ = {isa = PBXFileReference; lastKnownFileType = sourcecode.swift; path = HeaderCollectionReusableView.swift; sourceTree = "<group>"; };
/* End PBXFileReference section */

/* Begin PBXFrameworksBuildPhase section */
		F37596212700298200B052DB /* Frameworks */ = {
			isa = PBXFrameworksBuildPhase;
			buildActionMask = 2147483647;
			files = (
			);
			runOnlyForDeploymentPostprocessing = 0;
		};
/* End PBXFrameworksBuildPhase section */

/* Begin PBXGroup section */
		F375961B2700298200B052DB = {
			isa = PBXGroup;
			children = (
				F37596262700298200B052DB /* UICollectionView */,
				F37596252700298200B052DB /* Products */,
			);
			sourceTree = "<group>";
		};
		F37596252700298200B052DB /* Products */ = {
			isa = PBXGroup;
			children = (
				F37596242700298200B052DB /* UICollectionView.app */,
			);
			name = Products;
			sourceTree = "<group>";
		};
		F37596262700298200B052DB /* UICollectionView */ = {
			isa = PBXGroup;
			children = (
				F375963E27002A6300B052DB /* Model */,
				F375963D27002A5F00B052DB /* View */,
				F375963C27002A5B00B052DB /* Controller */,
				F375963B27002A5100B052DB /* Supporting Files */,
			);
			path = UICollectionView;
			sourceTree = "<group>";
		};
		F375963B27002A5100B052DB /* Supporting Files */ = {
			isa = PBXGroup;
			children = (
				F37596272700298200B052DB /* AppDelegate.swift */,
				F37596292700298200B052DB /* SceneDelegate.swift */,
				F37596302700298400B052DB /* Assets.xcassets */,
				F37596322700298400B052DB /* LaunchScreen.storyboard */,
				F37596352700298400B052DB /* Info.plist */,
			);
			path = "Supporting Files";
			sourceTree = "<group>";
		};
		F375963C27002A5B00B052DB /* Controller */ = {
			isa = PBXGroup;
			children = (
				F375962B2700298200B052DB /* AppleProductsViewController.swift */,
			);
			path = Controller;
			sourceTree = "<group>";
		};
		F375963D27002A5F00B052DB /* View */ = {
			isa = PBXGroup;
			children = (
				F375964727002B9700B052DB /* ContentView.swift */,
				F37596492700386D00B052DB /* ProductDetailCollectionViewCell.swift */,
				F375964B2700DCB400B052DB /* HeaderCollectionReusableView.swift */,
			);
			path = View;
			sourceTree = "<group>";
		};
		F375963E27002A6300B052DB /* Model */ = {
			isa = PBXGroup;
			children = (
				F375963F27002B6800B052DB /* AppleProducts.swift */,
				F375964127002B6800B052DB /* IPad.swift */,
				F375964227002B6800B052DB /* IPhone.swift */,
				F375964027002B6800B052DB /* Mac.swift */,
			);
			path = Model;
			sourceTree = "<group>";
		};
/* End PBXGroup section */

/* Begin PBXNativeTarget section */
		F37596232700298200B052DB /* UICollectionView */ = {
			isa = PBXNativeTarget;
			buildConfigurationList = F37596382700298400B052DB /* Build configuration list for PBXNativeTarget "UICollectionView" */;
			buildPhases = (
				F37596202700298200B052DB /* Sources */,
				F37596212700298200B052DB /* Frameworks */,
				F37596222700298200B052DB /* Resources */,
			);
			buildRules = (
			);
			dependencies = (
			);
			name = UICollectionView;
			productName = UICollectionView;
			productReference = F37596242700298200B052DB /* UICollectionView.app */;
			productType = "com.apple.product-type.application";
		};
/* End PBXNativeTarget section */

/* Begin PBXProject section */
		F375961C2700298200B052DB /* Project object */ = {
			isa = PBXProject;
			attributes = {
				BuildIndependentTargetsInParallel = 1;
				LastSwiftUpdateCheck = 1300;
				LastUpgradeCheck = 1300;
				TargetAttributes = {
					F37596232700298200B052DB = {
						CreatedOnToolsVersion = 13.0;
					};
				};
			};
			buildConfigurationList = F375961F2700298200B052DB /* Build configuration list for PBXProject "UICollectionView" */;
			compatibilityVersion = "Xcode 13.0";
			developmentRegion = en;
			hasScannedForEncodings = 0;
			knownRegions = (
				en,
				Base,
			);
			mainGroup = F375961B2700298200B052DB;
			productRefGroup = F37596252700298200B052DB /* Products */;
			projectDirPath = "";
			projectRoot = "";
			targets = (
				F37596232700298200B052DB /* UICollectionView */,
			);
		};
/* End PBXProject section */

/* Begin PBXResourcesBuildPhase section */
		F37596222700298200B052DB /* Resources */ = {
			isa = PBXResourcesBuildPhase;
			buildActionMask = 2147483647;
			files = (
				F37596342700298400B052DB /* LaunchScreen.storyboard in Resources */,
				F37596312700298400B052DB /* Assets.xcassets in Resources */,
			);
			runOnlyForDeploymentPostprocessing = 0;
		};
/* End PBXResourcesBuildPhase section */

/* Begin PBXSourcesBuildPhase section */
		F37596202700298200B052DB /* Sources */ = {
			isa = PBXSourcesBuildPhase;
			buildActionMask = 2147483647;
			files = (
				F375964427002B6800B052DB /* Mac.swift in Sources */,
				F375964327002B6800B052DB /* AppleProducts.swift in Sources */,
				F375964A2700386D00B052DB /* ProductDetailCollectionViewCell.swift in Sources */,
				F375964827002B9700B052DB /* ContentView.swift in Sources */,
				F375962C2700298200B052DB /* AppleProductsViewController.swift in Sources */,
				F37596282700298200B052DB /* AppDelegate.swift in Sources */,
				F375962A2700298200B052DB /* SceneDelegate.swift in Sources */,
				F375964627002B6800B052DB /* IPhone.swift in Sources */,
				F375964C2700DCB400B052DB /* HeaderCollectionReusableView.swift in Sources */,
				F375964527002B6800B052DB /* IPad.swift in Sources */,
			);
			runOnlyForDeploymentPostprocessing = 0;
		};
/* End PBXSourcesBuildPhase section */

/* Begin PBXVariantGroup section */
		F37596322700298400B052DB /* LaunchScreen.storyboard */ = {
			isa = PBXVariantGroup;
			children = (
				F37596332700298400B052DB /* Base */,
			);
			name = LaunchScreen.storyboard;
			sourceTree = "<group>";
		};
/* End PBXVariantGroup section */

/* Begin XCBuildConfiguration section */
		F37596362700298400B052DB /* Debug */ = {
			isa = XCBuildConfiguration;
			buildSettings = {
				ALWAYS_SEARCH_USER_PATHS = NO;
				CLANG_ANALYZER_NONNULL = YES;
				CLANG_ANALYZER_NUMBER_OBJECT_CONVERSION = YES_AGGRESSIVE;
				CLANG_CXX_LANGUAGE_STANDARD = "gnu++17";
				CLANG_CXX_LIBRARY = "libc++";
				CLANG_ENABLE_MODULES = YES;
				CLANG_ENABLE_OBJC_ARC = YES;
				CLANG_ENABLE_OBJC_WEAK = YES;
				CLANG_WARN_BLOCK_CAPTURE_AUTORELEASING = YES;
				CLANG_WARN_BOOL_CONVERSION = YES;
				CLANG_WARN_COMMA = YES;
				CLANG_WARN_CONSTANT_CONVERSION = YES;
				CLANG_WARN_DEPRECATED_OBJC_IMPLEMENTATIONS = YES;
				CLANG_WARN_DIRECT_OBJC_ISA_USAGE = YES_ERROR;
				CLANG_WARN_DOCUMENTATION_COMMENTS = YES;
				CLANG_WARN_EMPTY_BODY = YES;
				CLANG_WARN_ENUM_CONVERSION = YES;
				CLANG_WARN_INFINITE_RECURSION = YES;
				CLANG_WARN_INT_CONVERSION = YES;
				CLANG_WARN_NON_LITERAL_NULL_CONVERSION = YES;
				CLANG_WARN_OBJC_IMPLICIT_RETAIN_SELF = YES;
				CLANG_WARN_OBJC_LITERAL_CONVERSION = YES;
				CLANG_WARN_OBJC_ROOT_CLASS = YES_ERROR;
				CLANG_WARN_QUOTED_INCLUDE_IN_FRAMEWORK_HEADER = YES;
				CLANG_WARN_RANGE_LOOP_ANALYSIS = YES;
				CLANG_WARN_STRICT_PROTOTYPES = YES;
				CLANG_WARN_SUSPICIOUS_MOVE = YES;
				CLANG_WARN_UNGUARDED_AVAILABILITY = YES_AGGRESSIVE;
				CLANG_WARN_UNREACHABLE_CODE = YES;
				CLANG_WARN__DUPLICATE_METHOD_MATCH = YES;
				COPY_PHASE_STRIP = NO;
				DEBUG_INFORMATION_FORMAT = dwarf;
				ENABLE_STRICT_OBJC_MSGSEND = YES;
				ENABLE_TESTABILITY = YES;
				GCC_C_LANGUAGE_STANDARD = gnu11;
				GCC_DYNAMIC_NO_PIC = NO;
				GCC_NO_COMMON_BLOCKS = YES;
				GCC_OPTIMIZATION_LEVEL = 0;
				GCC_PREPROCESSOR_DEFINITIONS = (
					"DEBUG=1",
					"$(inherited)",
				);
				GCC_WARN_64_TO_32_BIT_CONVERSION = YES;
				GCC_WARN_ABOUT_RETURN_TYPE = YES_ERROR;
				GCC_WARN_UNDECLARED_SELECTOR = YES;
				GCC_WARN_UNINITIALIZED_AUTOS = YES_AGGRESSIVE;
				GCC_WARN_UNUSED_FUNCTION = YES;
				GCC_WARN_UNUSED_VARIABLE = YES;
				IPHONEOS_DEPLOYMENT_TARGET = 15.0;
				MTL_ENABLE_DEBUG_INFO = INCLUDE_SOURCE;
				MTL_FAST_MATH = YES;
				ONLY_ACTIVE_ARCH = YES;
				SDKROOT = iphoneos;
				SWIFT_ACTIVE_COMPILATION_CONDITIONS = DEBUG;
				SWIFT_OPTIMIZATION_LEVEL = "-Onone";
			};
			name = Debug;
		};
		F37596372700298400B052DB /* Release */ = {
			isa = XCBuildConfiguration;
			buildSettings = {
				ALWAYS_SEARCH_USER_PATHS = NO;
				CLANG_ANALYZER_NONNULL = YES;
				CLANG_ANALYZER_NUMBER_OBJECT_CONVERSION = YES_AGGRESSIVE;
				CLANG_CXX_LANGUAGE_STANDARD = "gnu++17";
				CLANG_CXX_LIBRARY = "libc++";
				CLANG_ENABLE_MODULES = YES;
				CLANG_ENABLE_OBJC_ARC = YES;
				CLANG_ENABLE_OBJC_WEAK = YES;
				CLANG_WARN_BLOCK_CAPTURE_AUTORELEASING = YES;
				CLANG_WARN_BOOL_CONVERSION = YES;
				CLANG_WARN_COMMA = YES;
				CLANG_WARN_CONSTANT_CONVERSION = YES;
				CLANG_WARN_DEPRECATED_OBJC_IMPLEMENTATIONS = YES;
				CLANG_WARN_DIRECT_OBJC_ISA_USAGE = YES_ERROR;
				CLANG_WARN_DOCUMENTATION_COMMENTS = YES;
				CLANG_WARN_EMPTY_BODY = YES;
				CLANG_WARN_ENUM_CONVERSION = YES;
				CLANG_WARN_INFINITE_RECURSION = YES;
				CLANG_WARN_INT_CONVERSION = YES;
				CLANG_WARN_NON_LITERAL_NULL_CONVERSION = YES;
				CLANG_WARN_OBJC_IMPLICIT_RETAIN_SELF = YES;
				CLANG_WARN_OBJC_LITERAL_CONVERSION = YES;
				CLANG_WARN_OBJC_ROOT_CLASS = YES_ERROR;
				CLANG_WARN_QUOTED_INCLUDE_IN_FRAMEWORK_HEADER = YES;
				CLANG_WARN_RANGE_LOOP_ANALYSIS = YES;
				CLANG_WARN_STRICT_PROTOTYPES = YES;
				CLANG_WARN_SUSPICIOUS_MOVE = YES;
				CLANG_WARN_UNGUARDED_AVAILABILITY = YES_AGGRESSIVE;
				CLANG_WARN_UNREACHABLE_CODE = YES;
				CLANG_WARN__DUPLICATE_METHOD_MATCH = YES;
				COPY_PHASE_STRIP = NO;
				DEBUG_INFORMATION_FORMAT = "dwarf-with-dsym";
				ENABLE_NS_ASSERTIONS = NO;
				ENABLE_STRICT_OBJC_MSGSEND = YES;
				GCC_C_LANGUAGE_STANDARD = gnu11;
				GCC_NO_COMMON_BLOCKS = YES;
				GCC_WARN_64_TO_32_BIT_CONVERSION = YES;
				GCC_WARN_ABOUT_RETURN_TYPE = YES_ERROR;
				GCC_WARN_UNDECLARED_SELECTOR = YES;
				GCC_WARN_UNINITIALIZED_AUTOS = YES_AGGRESSIVE;
				GCC_WARN_UNUSED_FUNCTION = YES;
				GCC_WARN_UNUSED_VARIABLE = YES;
				IPHONEOS_DEPLOYMENT_TARGET = 15.0;
				MTL_ENABLE_DEBUG_INFO = NO;
				MTL_FAST_MATH = YES;
				SDKROOT = iphoneos;
				SWIFT_COMPILATION_MODE = wholemodule;
				SWIFT_OPTIMIZATION_LEVEL = "-O";
				VALIDATE_PRODUCT = YES;
			};
			name = Release;
		};
		F37596392700298400B052DB /* Debug */ = {
			isa = XCBuildConfiguration;
			buildSettings = {
				ASSETCATALOG_COMPILER_APPICON_NAME = AppIcon;
				ASSETCATALOG_COMPILER_GLOBAL_ACCENT_COLOR_NAME = AccentColor;
				CODE_SIGN_STYLE = Automatic;
				CURRENT_PROJECT_VERSION = 1;
				DEVELOPMENT_TEAM = 2Z6936CNJ5;
				GENERATE_INFOPLIST_FILE = YES;
				INFOPLIST_FILE = "UICollectionView/Supporting Files/Info.plist";
				INFOPLIST_KEY_UIApplicationSupportsIndirectInputEvents = YES;
				INFOPLIST_KEY_UILaunchStoryboardName = LaunchScreen;
				INFOPLIST_KEY_UISupportedInterfaceOrientations_iPad = "UIInterfaceOrientationPortrait UIInterfaceOrientationPortraitUpsideDown UIInterfaceOrientationLandscapeLeft UIInterfaceOrientationLandscapeRight";
				INFOPLIST_KEY_UISupportedInterfaceOrientations_iPhone = "UIInterfaceOrientationPortrait UIInterfaceOrientationLandscapeLeft UIInterfaceOrientationLandscapeRight";
				LD_RUNPATH_SEARCH_PATHS = (
					"$(inherited)",
					"@executable_path/Frameworks",
				);
				MARKETING_VERSION = 1.0;
				PRODUCT_BUNDLE_IDENTIFIER = com.hankoacademy.UICollectionView;
				PRODUCT_NAME = "$(TARGET_NAME)";
				SWIFT_EMIT_LOC_STRINGS = YES;
				SWIFT_VERSION = 5.0;
				TARGETED_DEVICE_FAMILY = "1,2";
			};
			name = Debug;
		};
		F375963A2700298400B052DB /* Release */ = {
			isa = XCBuildConfiguration;
			buildSettings = {
				ASSETCATALOG_COMPILER_APPICON_NAME = AppIcon;
				ASSETCATALOG_COMPILER_GLOBAL_ACCENT_COLOR_NAME = AccentColor;
				CODE_SIGN_STYLE = Automatic;
				CURRENT_PROJECT_VERSION = 1;
				DEVELOPMENT_TEAM = 2Z6936CNJ5;
				GENERATE_INFOPLIST_FILE = YES;
				INFOPLIST_FILE = "UICollectionView/Supporting Files/Info.plist";
				INFOPLIST_KEY_UIApplicationSupportsIndirectInputEvents = YES;
				INFOPLIST_KEY_UILaunchStoryboardName = LaunchScreen;
				INFOPLIST_KEY_UISupportedInterfaceOrientations_iPad = "UIInterfaceOrientationPortrait UIInterfaceOrientationPortraitUpsideDown UIInterfaceOrientationLandscapeLeft UIInterfaceOrientationLandscapeRight";
				INFOPLIST_KEY_UISupportedInterfaceOrientations_iPhone = "UIInterfaceOrientationPortrait UIInterfaceOrientationLandscapeLeft UIInterfaceOrientationLandscapeRight";
				LD_RUNPATH_SEARCH_PATHS = (
					"$(inherited)",
					"@executable_path/Frameworks",
				);
				MARKETING_VERSION = 1.0;
				PRODUCT_BUNDLE_IDENTIFIER = com.hankoacademy.UICollectionView;
				PRODUCT_NAME = "$(TARGET_NAME)";
				SWIFT_EMIT_LOC_STRINGS = YES;
				SWIFT_VERSION = 5.0;
				TARGETED_DEVICE_FAMILY = "1,2";
			};
			name = Release;
		};
/* End XCBuildConfiguration section */

/* Begin XCConfigurationList section */
		F375961F2700298200B052DB /* Build configuration list for PBXProject "UICollectionView" */ = {
			isa = XCConfigurationList;
			buildConfigurations = (
				F37596362700298400B052DB /* Debug */,
				F37596372700298400B052DB /* Release */,
			);
			defaultConfigurationIsVisible = 0;
			defaultConfigurationName = Release;
		};
		F37596382700298400B052DB /* Build configuration list for PBXNativeTarget "UICollectionView" */ = {
			isa = XCConfigurationList;
			buildConfigurations = (
				F37596392700298400B052DB /* Debug */,
				F375963A2700298400B052DB /* Release */,
			);
			defaultConfigurationIsVisible = 0;
			defaultConfigurationName = Release;
		};
/* End XCConfigurationList section */
	};
	rootObject = F375961C2700298200B052DB /* Project object */;
}
